
Microsoft Visual Studio Solution File, Format Version 12.00
# Visual Studio 15
Project("{FAE04EC0-301F-11D3-BF4B-00C04F79EFBC}") = "Assembly-CSharp", "Assembly-CSharp.csproj", "{FBD479AD-AACC-9801-55C3-5CF65B539D78}"
EndProject
Project("{FAE04EC0-301F-11D3-BF4B-00C04F79EFBC}") = "Assembly-CSharp-firstpass", "Assembly-CSharp-firstpass.csproj", "{B360E7CF-C51F-6FCD-4529-14C226D81EBF}"
EndProject
Project("{FAE04EC0-301F-11D3-BF4B-00C04F79EFBC}") = "Assembly-CSharp-Editor", "Assembly-CSharp-Editor.csproj", "{DFF375ED-C453-9C5B-AAA0-06EA5840E4C0}"
EndProject
Global
	GlobalSection(SolutionConfigurationPlatforms) = preSolution
		Debug|Any CPU = Debug|Any CPU
		Release|Any CPU = Release|Any CPU
	EndGlobalSection
	GlobalSection(ProjectConfigurationPlatforms) = postSolution
		{FBD479AD-AACC-9801-55C3-5CF65B539D78}.Debug|Any CPU.ActiveCfg = Debug|Any CPU
		{FBD479AD-AACC-9801-55C3-5CF65B539D78}.Debug|Any CPU.Build.0 = Debug|Any CPU
		{FBD479AD-AACC-9801-55C3-5CF65B539D78}.Release|Any CPU.ActiveCfg = Release|Any CPU
		{FBD479AD-AACC-9801-55C3-5CF65B539D78}.Release|Any CPU.Build.0 = Release|Any CPU
		{B360E7CF-C51F-6FCD-4529-14C226D81EBF}.Debug|Any CPU.ActiveCfg = Debug|Any CPU
		{B360E7CF-C51F-6FCD-4529-14C226D81EBF}.Debug|Any CPU.Build.0 = Debug|Any CPU
		{B360E7CF-C51F-6FCD-4529-14C226D81EBF}.Release|Any CPU.ActiveCfg = Release|Any CPU
		{B360E7CF-C51F-6FCD-4529-14C226D81EBF}.Release|Any CPU.Build.0 = Release|Any CPU
		{DFF375ED-C453-9C5B-AAA0-06EA5840E4C0}.Debug|Any CPU.ActiveCfg = Debug|Any CPU
		{DFF375ED-C453-9C5B-AAA0-06EA5840E4C0}.Debug|Any CPU.Build.0 = Debug|Any CPU
		{DFF375ED-C453-9C5B-AAA0-06EA5840E4C0}.Release|Any CPU.ActiveCfg = Release|Any CPU
		{DFF375ED-C453-9C5B-AAA0-06EA5840E4C0}.Release|Any CPU.Build.0 = Release|Any CPU
	EndGlobalSection
	GlobalSection(SolutionProperties) = preSolution
		HideSolutionNode = FALSE
	EndGlobalSection
EndGlobal
